{
  "name": "Manage",
  "lockfileVersion": 3,
  "requires": true,
  "packages": {
    "": {
      "dependencies": {
        "@heroicons/react": "^2.2.0",
        "@hookform/resolvers": "^3.10.0",
        "@types/react": "^19.0.8",
        "date-fns": "^4.1.0",
        "lucide-react": "^0.474.0",
        "react": "^19.0.0",
        "react-hook-form": "^7.54.2",
        "zod": "^3.24.1"
      }
    },
    "node_modules/@heroicons/react": {
      "version": "2.2.0",
      "resolved": "https://registry.npmjs.org/@heroicons/react/-/react-2.2.0.tgz",
      "integrity": "sha512-LMcepvRaS9LYHJGsF0zzmgKCUim/X3N/DQKc4jepAXJ7l8QxJ1PmxJzqplF2Z3FE4PqBAIGyJAQ/w4B5dsqbtQ==",
      "license": "MIT",
      "peerDependencies": {
        "react": ">= 16 || ^19.0.0-rc"
      }
    },
    "node_modules/@hookform/resolvers": {
      "version": "3.10.0",
      "resolved": "https://registry.npmjs.org/@hookform/resolvers/-/resolvers-3.10.0.tgz",
      "integrity": "sha512-79Dv+3mDF7i+2ajj7SkypSKHhl1cbln1OGavqrsF7p6mbUv11xpqpacPsGDCTRvCSjEEIez2ef1NveSVL3b0Ag==",
      "license": "MIT",
      "peerDependencies": {
        "react-hook-form": "^7.0.0"
      }
    },
    "node_modules/@types/react": {
      "version": "19.0.8",
      "resolved": "https://registry.npmjs.org/@types/react/-/react-19.0.8.tgz",
      "integrity": "sha512-9P/o1IGdfmQxrujGbIMDyYaaCykhLKc0NGCtYcECNUr9UAaDe4gwvV9bR6tvd5Br1SG0j+PBpbKr2UYY8CwqSw==",
      "license": "MIT",
      "dependencies": {
        "csstype": "^3.0.2"
      }
    },
    "node_modules/csstype": {
      "version": "3.1.3",
      "resolved": "https://registry.npmjs.org/csstype/-/csstype-3.1.3.tgz",
      "integrity": "sha512-M1uQkMl8rQK/szD0LNhtqxIPLpimGm8sOBwU7lLnCpSbTyY3yeU1Vc7l4KT5zT4s/yOxHH5O7tIuuLOCnLADRw==",
      "license": "MIT"
    },
    "node_modules/date-fns": {
      "version": "4.1.0",
      "resolved": "https://registry.npmjs.org/date-fns/-/date-fns-4.1.0.tgz",
      "integrity": "sha512-Ukq0owbQXxa/U3EGtsdVBkR1w7KOQ5gIBqdH2hkvknzZPYvBxb/aa6E8L7tmjFtkwZBu3UXBbjIgPo/Ez4xaNg==",
      "license": "MIT",
      "funding": {
        "type": "github",
        "url": "https://github.com/sponsors/kossnocorp"
      }
    },
    "node_modules/lucide-react": {
      "version": "0.474.0",
      "resolved": "https://registry.npmjs.org/lucide-react/-/lucide-react-0.474.0.tgz",
      "integrity": "sha512-CmghgHkh0OJNmxGKWc0qfPJCYHASPMVSyGY8fj3xgk4v84ItqDg64JNKFZn5hC6E0vHi6gxnbCgwhyVB09wQtA==",
      "license": "ISC",
      "peerDependencies": {
        "react": "^16.5.1 || ^17.0.0 || ^18.0.0 || ^19.0.0"
      }
    },
    "node_modules/react": {
      "version": "19.0.0",
      "resolved": "https://registry.npmjs.org/react/-/react-19.0.0.tgz",
      "integrity": "sha512-V8AVnmPIICiWpGfm6GLzCR/W5FXLchHop40W4nXBmdlEceh16rCN8O8LNWm5bh5XUX91fh7KpA+W0TgMKmgTpQ==",
      "license": "MIT",
      "engines": {
        "node": ">=0.10.0"
      }
    },
    "node_modules/react-hook-form": {
      "version": "7.54.2",
      "resolved": "https://registry.npmjs.org/react-hook-form/-/react-hook-form-7.54.2.tgz",
      "integrity": "sha512-eHpAUgUjWbZocoQYUHposymRb4ZP6d0uwUnooL2uOybA9/3tPUvoAKqEWK1WaSiTxxOfTpffNZP7QwlnM3/gEg==",
      "license": "MIT",
      "engines": {
        "node": ">=18.0.0"
      },
      "funding": {
        "type": "opencollective",
        "url": "https://opencollective.com/react-hook-form"
      },
      "peerDependencies": {
        "react": "^16.8.0 || ^17 || ^18 || ^19"
      }
    },
    "node_modules/zod": {
      "version": "3.24.1",
      "resolved": "https://registry.npmjs.org/zod/-/zod-3.24.1.tgz",
      "integrity": "sha512-muH7gBL9sI1nciMZV67X5fTKKBLtwpZ5VBp1vsOQzj1MhrBZ4wlVCm3gedKZWLp0Oyel8sIGfeiz54Su+OVT+A==",
      "license": "MIT",
      "funding": {
        "url": "https://github.com/sponsors/colinhacks"
      }
    }
  }
}
